# This file is automatically @generated by Cargo.
# It is not intended for manual editing.
[[package]]
name = "dcmimu"
version = "0.2.1"
source = "registry+https://github.com/rust-lang/crates.io-index"
dependencies = [
 "libm 0.1.4 (registry+https://github.com/rust-lang/crates.io-index)",
]

[[package]]
name = "hitl-adapter"
version = "0.1.0"
dependencies = [
 "dcmimu 0.2.1 (registry+https://github.com/rust-lang/crates.io-index)",
]

[[package]]
name = "libm"
version = "0.1.4"
source = "registry+https://github.com/rust-lang/crates.io-index"

[metadata]
"checksum dcmimu 0.2.1 (registry+https://github.com/rust-lang/crates.io-index)" = "49385aec83acb40cd670b5e8203e2d2e020be2c29cd7c2f7195540540532b6f2"
"checksum libm 0.1.4 (registry+https://github.com/rust-lang/crates.io-index)" = "7fc7aa29613bd6a620df431842069224d8bc9011086b1db4c0e0cd47fa03ec9a"
